
Microsoft Visual Studio Solution File, Format Version 12.00
Project("{FAE04EC0-301F-11D3-BF4B-00C04F79EFBC}") = "Passwordless.BlazorWebAssembly.Example", "src\Passwordless.BlazorWebAssembly.Example\Passwordless.BlazorWebAssembly.Example.csproj", "{8720C697-A883-4D66-8C9A-1CA38C28CB6F}"
EndProject
Project("{FAE04EC0-301F-11D3-BF4B-00C04F79EFBC}") = "Passwordless.BlazorWebAssembly", "src\Passwordless.BlazorWebAssembly\Passwordless.BlazorWebAssembly.csproj", "{B1875030-8134-4A6A-8511-980C09B2E25E}"
EndProject
Global
	GlobalSection(SolutionConfigurationPlatforms) = preSolution
		Debug|Any CPU = Debug|Any CPU
		Release|Any CPU = Release|Any CPU
	EndGlobalSection
	GlobalSection(ProjectConfigurationPlatforms) = postSolution
		{8720C697-A883-4D66-8C9A-1CA38C28CB6F}.Debug|Any CPU.ActiveCfg = Debug|Any CPU
		{8720C697-A883-4D66-8C9A-1CA38C28CB6F}.Debug|Any CPU.Build.0 = Debug|Any CPU
		{8720C697-A883-4D66-8C9A-1CA38C28CB6F}.Release|Any CPU.ActiveCfg = Release|Any CPU
		{8720C697-A883-4D66-8C9A-1CA38C28CB6F}.Release|Any CPU.Build.0 = Release|Any CPU
		{B1875030-8134-4A6A-8511-980C09B2E25E}.Debug|Any CPU.ActiveCfg = Debug|Any CPU
		{B1875030-8134-4A6A-8511-980C09B2E25E}.Debug|Any CPU.Build.0 = Debug|Any CPU
		{B1875030-8134-4A6A-8511-980C09B2E25E}.Release|Any CPU.ActiveCfg = Release|Any CPU
		{B1875030-8134-4A6A-8511-980C09B2E25E}.Release|Any CPU.Build.0 = Release|Any CPU
	EndGlobalSection
EndGlobal
