{
  "name": "Passwordless.BlazorWebAssembly",
  "lockfileVersion": 3,
  "requires": true,
  "packages": {
    "": {
      "hasInstallScript": true,
      "devDependencies": {
        "@passwordlessdev/passwordless-client": "1.2.2"
      }
    },
    "node_modules/@passwordlessdev/passwordless-client": {
      "version": "1.2.2",
      "resolved": "https://registry.npmjs.org/@passwordlessdev/passwordless-client/-/passwordless-client-1.2.2.tgz",
      "integrity": "sha512-hOJyWlI1YZLQcQ8896rn8RTkA0ItEtKQ0eUpOZYgvPn2/7/5mmx7yEQjnPmEbyB4osaXXHUXJUOetsb/SzfydQ==",
      "dev": true,
      "license": "SEE LICENSE IN LICENSE.txt"
    }
  }
}
