{
  "name": "Passwordless.BlazorWebAssembly",
  "lockfileVersion": 3,
  "requires": true,
  "packages": {
    "": {
      "hasInstallScript": true,
      "devDependencies": {
        "@passwordlessdev/passwordless-client": "1.2.4"
      }
    },
    "node_modules/@passwordlessdev/passwordless-client": {
      "version": "1.2.4",
      "resolved": "https://registry.npmjs.org/@passwordlessdev/passwordless-client/-/passwordless-client-1.2.4.tgz",
      "integrity": "sha512-VylwjDJeLiy5rjCPL/e6mKbYUUiwN9CV8sg0oAXCo/LsMSvEpcdzlbfM/FFB1gwzrlkl+a6XAmMtcMxOpfwjag==",
      "dev": true,
      "license": "SEE LICENSE IN LICENSE.txt"
    }
  }
}
