{
  "name": "Passwordless.BlazorWebAssembly",
  "lockfileVersion": 3,
  "requires": true,
  "packages": {
    "": {
      "hasInstallScript": true,
      "devDependencies": {
        "@passwordlessdev/passwordless-client": "1.2.0-beta1"
      }
    },
    "node_modules/@passwordlessdev/passwordless-client": {
      "version": "1.2.0-beta1",
      "resolved": "https://registry.npmjs.org/@passwordlessdev/passwordless-client/-/passwordless-client-1.2.0-beta1.tgz",
      "integrity": "sha512-D7DTATIbqrWHF5lzYOdqeGv31ldXdcmGFUVK29OLZGkTjLRrdMBT9CrFzsH4gnBw/+MzznIi5S62Fzohbww8RA==",
      "dev": true,
      "license": "SEE LICENSE IN LICENSE.txt"
    }
  }
}
